
Microsoft Visual Studio Solution File, Format Version 12.00
# Visual Studio Version 17
VisualStudioVersion = 17.6.33801.468
MinimumVisualStudioVersion = 10.0.40219.1
Project("{FAE04EC0-301F-11D3-BF4B-00C04F79EFBC}") = "Spawn Animated Fireworks WFApp", "Spawn Animated Fireworks WFApp.csproj", "{F4483F96-8919-4E96-B5A5-EBBDE619D107}"
EndProject
Global
	GlobalSection(SolutionConfigurationPlatforms) = preSolution
		Debug|Any CPU = Debug|Any CPU
		Release|Any CPU = Release|Any CPU
	EndGlobalSection
	GlobalSection(ProjectConfigurationPlatforms) = postSolution
		{F4483F96-8919-4E96-B5A5-EBBDE619D107}.Debug|Any CPU.ActiveCfg = Debug|Any CPU
		{F4483F96-8919-4E96-B5A5-EBBDE619D107}.Debug|Any CPU.Build.0 = Debug|Any CPU
		{F4483F96-8919-4E96-B5A5-EBBDE619D107}.Release|Any CPU.ActiveCfg = Release|Any CPU
		{F4483F96-8919-4E96-B5A5-EBBDE619D107}.Release|Any CPU.Build.0 = Release|Any CPU
	EndGlobalSection
	GlobalSection(SolutionProperties) = preSolution
		HideSolutionNode = FALSE
	EndGlobalSection
	GlobalSection(ExtensibilityGlobals) = postSolution
		SolutionGuid = {7E6706B0-0120-490B-BB56-47AF097F1E98}
	EndGlobalSection
EndGlobal
